848730849697855813856126984952160350616088271621637165143116560241658138197041719869282210785221726622229922235189223697222460452268600231145323250538125112571478422283250312698528812315423444835277391781480112817612925362954552973572987033109563154763696653750103782063811463837083880464478774487372427586192209020141772042165205336420560312059735206360720869812087314210685321070892108644210882221151022115510211616521190972121220212186375918822568328385157973641035991037951402431416891417991420941474411558021578011624111633964539864540935767125781165783526003026004097358