8487308496978558138561269849521603506160882716216371651431165602416581381970417198692822107852217266222299222351892236972224604522686002311453232505381251125714784222832503126985288123154234448352773917814801128176129253629545529735729870331095631547636966537501037820638114638370838804644787744873724275861922090