84873084969785581385612698495216035061608827162163716514311656024165813819704171986928221078522172662222992223518922369722246045226860023114532325053812511257147842228325031269852881231542344483527739178148011281761292536295455297357298703310956315476369665375010378206381146383708388046447877448737242758619220902014177204216520533642056031205973520636072086981208731421068532107089210864421088222115102211551021161652119097212122021218637591882256832838515797364103599103795140243141689141799142094147441155802157801162411163396453986454093